// !$*UTF8*$!
{
	archiveVersion = 1;
	classes = {
	};
	objectVersion = 56;
	objects = {

/* Begin PBXBuildFile section */
		2E08CB352D1188DE003E1283 /* ContentView.swift in Sources */ = {isa = PBXBuildFile; fileRef = 2E08CB342D1188DE003E1283 /* ContentView.swift */; };
		2E08CB392D118923003E1283 /* ErrorView.swift in Sources */ = {isa = PBXBuildFile; fileRef = 2E08CB382D118922003E1283 /* ErrorView.swift */; };
		2E08CB3F2D11897C003E1283 /* ContentViewModel.swift in Sources */ = {isa = PBXBuildFile; fileRef = 2E08CB3E2D11897C003E1283 /* ContentViewModel.swift */; };
		2E08CB412D1189AA003E1283 /* CGImageExtension.swift in Sources */ = {isa = PBXBuildFile; fileRef = 2E08CB402D1189AA003E1283 /* CGImageExtension.swift */; };
		2E08CB432D1189C9003E1283 /* CameraError.swift in Sources */ = {isa = PBXBuildFile; fileRef = 2E08CB422D1189C9003E1283 /* CameraError.swift */; };
		2E08CB452D1189E3003E1283 /* CameraManager.swift in Sources */ = {isa = PBXBuildFile; fileRef = 2E08CB442D1189E3003E1283 /* CameraManager.swift */; };
		2EBC57152D1A8D7500C0E3C7 /* FullScreenImageView.swift in Sources */ = {isa = PBXBuildFile; fileRef = 2EBC57142D1A8D7500C0E3C7 /* FullScreenImageView.swift */; };
		2EE00F892D1094D8002DAAF0 /* SnapItApp.swift in Sources */ = {isa = PBXBuildFile; fileRef = 2EE00F882D1094D8002DAAF0 /* SnapItApp.swift */; };
		2EE00F8D2D1094D9002DAAF0 /* Assets.xcassets in Resources */ = {isa = PBXBuildFile; fileRef = 2EE00F8C2D1094D9002DAAF0 /* Assets.xcassets */; };
		2EE00F902D1094D9002DAAF0 /* Preview Assets.xcassets in Resources */ = {isa = PBXBuildFile; fileRef = 2EE00F8F2D1094D9002DAAF0 /* Preview Assets.xcassets */; };
		2EE00F952D1094D9002DAAF0 /* SnapIt.xcdatamodeld in Sources */ = {isa = PBXBuildFile; fileRef = 2EE00F932D1094D9002DAAF0 /* SnapIt.xcdatamodeld */; };
		2EE00F9F2D1094D9002DAAF0 /* SnapItTests.swift in Sources */ = {isa = PBXBuildFile; fileRef = 2EE00F9E2D1094D9002DAAF0 /* SnapItTests.swift */; };
		2EE00FA92D1094D9002DAAF0 /* SnapItUITests.swift in Sources */ = {isa = PBXBuildFile; fileRef = 2EE00FA82D1094D9002DAAF0 /* SnapItUITests.swift */; };
		2EE00FAB2D1094D9002DAAF0 /* SnapItUITestsLaunchTests.swift in Sources */ = {isa = PBXBuildFile; fileRef = 2EE00FAA2D1094D9002DAAF0 /* SnapItUITestsLaunchTests.swift */; };
/* End PBXBuildFile section */

/* Begin PBXContainerItemProxy section */
		2EE00F9B2D1094D9002DAAF0 /* PBXContainerItemProxy */ = {
			isa = PBXContainerItemProxy;
			containerPortal = 2EE00F7D2D1094D8002DAAF0 /* Project object */;
			proxyType = 1;
			remoteGlobalIDString = 2EE00F842D1094D8002DAAF0;
			remoteInfo = SnapIt;
		};
		2EE00FA52D1094D9002DAAF0 /* PBXContainerItemProxy */ = {
			isa = PBXContainerItemProxy;
			containerPortal = 2EE00F7D2D1094D8002DAAF0 /* Project object */;
			proxyType = 1;
			remoteGlobalIDString = 2EE00F842D1094D8002DAAF0;
			remoteInfo = SnapIt;
		};
/* End PBXContainerItemProxy section */

/* Begin PBXFileReference section */
		2E08CB342D1188DE003E1283 /* ContentView.swift */ = {isa = PBXFileReference; lastKnownFileType = sourcecode.swift; path = ContentView.swift; sourceTree = "<group>"; };
		2E08CB382D118922003E1283 /* ErrorView.swift */ = {isa = PBXFileReference; lastKnownFileType = sourcecode.swift; path = ErrorView.swift; sourceTree = "<group>"; };
		2E08CB3E2D11897C003E1283 /* ContentViewModel.swift */ = {isa = PBXFileReference; lastKnownFileType = sourcecode.swift; path = ContentViewModel.swift; sourceTree = "<group>"; };
		2E08CB402D1189AA003E1283 /* CGImageExtension.swift */ = {isa = PBXFileReference; lastKnownFileType = sourcecode.swift; path = CGImageExtension.swift; sourceTree = "<group>"; };
		2E08CB422D1189C9003E1283 /* CameraError.swift */ = {isa = PBXFileReference; lastKnownFileType = sourcecode.swift; path = CameraError.swift; sourceTree = "<group>"; };
		2E08CB442D1189E3003E1283 /* CameraManager.swift */ = {isa = PBXFileReference; lastKnownFileType = sourcecode.swift; path = CameraManager.swift; sourceTree = "<group>"; };
		2EBC57142D1A8D7500C0E3C7 /* FullScreenImageView.swift */ = {isa = PBXFileReference; lastKnownFileType = sourcecode.swift; path = FullScreenImageView.swift; sourceTree = "<group>"; };
		2EE00F852D1094D8002DAAF0 /* SnapIt.app */ = {isa = PBXFileReference; explicitFileType = wrapper.application; includeInIndex = 0; path = SnapIt.app; sourceTree = BUILT_PRODUCTS_DIR; };
		2EE00F882D1094D8002DAAF0 /* SnapItApp.swift */ = {isa = PBXFileReference; lastKnownFileType = sourcecode.swift; path = SnapItApp.swift; sourceTree = "<group>"; };
		2EE00F8C2D1094D9002DAAF0 /* Assets.xcassets */ = {isa = PBXFileReference; lastKnownFileType = folder.assetcatalog; path = Assets.xcassets; sourceTree = "<group>"; };
		2EE00F8F2D1094D9002DAAF0 /* Preview Assets.xcassets */ = {isa = PBXFileReference; lastKnownFileType = folder.assetcatalog; path = "Preview Assets.xcassets"; sourceTree = "<group>"; };
		2EE00F942D1094D9002DAAF0 /* SnapIt.xcdatamodel */ = {isa = PBXFileReference; lastKnownFileType = wrapper.xcdatamodel; path = SnapIt.xcdatamodel; sourceTree = "<group>"; };
		2EE00F9A2D1094D9002DAAF0 /* SnapItTests.xctest */ = {isa = PBXFileReference; explicitFileType = wrapper.cfbundle; includeInIndex = 0; path = SnapItTests.xctest; sourceTree = BUILT_PRODUCTS_DIR; };
		2EE00F9E2D1094D9002DAAF0 /* SnapItTests.swift */ = {isa = PBXFileReference; lastKnownFileType = sourcecode.swift; path = SnapItTests.swift; sourceTree = "<group>"; };
		2EE00FA42D1094D9002DAAF0 /* SnapItUITests.xctest */ = {isa = PBXFileReference; explicitFileType = wrapper.cfbundle; includeInIndex = 0; path = SnapItUITests.xctest; sourceTree = BUILT_PRODUCTS_DIR; };
		2EE00FA82D1094D9002DAAF0 /* SnapItUITests.swift */ = {isa = PBXFileReference; lastKnownFileType = sourcecode.swift; path = SnapItUITests.swift; sourceTree = "<group>"; };
		2EE00FAA2D1094D9002DAAF0 /* SnapItUITestsLaunchTests.swift */ = {isa = PBXFileReference; lastKnownFileType = sourcecode.swift; path = SnapItUITestsLaunchTests.swift; sourceTree = "<group>"; };
/* End PBXFileReference section */

/* Begin PBXFrameworksBuildPhase section */
		2EE00F822D1094D8002DAAF0 /* Frameworks */ = {
			isa = PBXFrameworksBuildPhase;
			buildActionMask = 2147483647;
			files = (
			);
			runOnlyForDeploymentPostprocessing = 0;
		};
		2EE00F972D1094D9002DAAF0 /* Frameworks */ = {
			isa = PBXFrameworksBuildPhase;
			buildActionMask = 2147483647;
			files = (
			);
			runOnlyForDeploymentPostprocessing = 0;
		};
		2EE00FA12D1094D9002DAAF0 /* Frameworks */ = {
			isa = PBXFrameworksBuildPhase;
			buildActionMask = 2147483647;
			files = (
			);
			runOnlyForDeploymentPostprocessing = 0;
		};
/* End PBXFrameworksBuildPhase section */

/* Begin PBXGroup section */
		2E08CB302D118835003E1283 /* View */ = {
			isa = PBXGroup;
			children = (
				2E08CB342D1188DE003E1283 /* ContentView.swift */,
				2E08CB382D118922003E1283 /* ErrorView.swift */,
				2EBC57142D1A8D7500C0E3C7 /* FullScreenImageView.swift */,
			);
			path = View;
			sourceTree = "<group>";
		};
		2E08CB312D11883C003E1283 /* ViewModel */ = {
			isa = PBXGroup;
			children = (
				2E08CB3E2D11897C003E1283 /* ContentViewModel.swift */,
			);
			path = ViewModel;
			sourceTree = "<group>";
		};
		2E08CB322D118843003E1283 /* Extension */ = {
			isa = PBXGroup;
			children = (
				2E08CB402D1189AA003E1283 /* CGImageExtension.swift */,
			);
			path = Extension;
			sourceTree = "<group>";
		};
		2E08CB332D11884B003E1283 /* Camera */ = {
			isa = PBXGroup;
			children = (
				2E08CB422D1189C9003E1283 /* CameraError.swift */,
				2E08CB442D1189E3003E1283 /* CameraManager.swift */,
			);
			path = Camera;
			sourceTree = "<group>";
		};
		2EE00F7C2D1094D8002DAAF0 = {
			isa = PBXGroup;
			children = (
				2EE00F872D1094D8002DAAF0 /* SnapIt */,
				2EE00F9D2D1094D9002DAAF0 /* SnapItTests */,
				2EE00FA72D1094D9002DAAF0 /* SnapItUITests */,
				2EE00F862D1094D8002DAAF0 /* Products */,
			);
			sourceTree = "<group>";
		};
		2EE00F862D1094D8002DAAF0 /* Products */ = {
			isa = PBXGroup;
			children = (
				2EE00F852D1094D8002DAAF0 /* SnapIt.app */,
				2EE00F9A2D1094D9002DAAF0 /* SnapItTests.xctest */,
				2EE00FA42D1094D9002DAAF0 /* SnapItUITests.xctest */,
			);
			name = Products;
			sourceTree = "<group>";
		};
		2EE00F872D1094D8002DAAF0 /* SnapIt */ = {
			isa = PBXGroup;
			children = (
				2E08CB332D11884B003E1283 /* Camera */,
				2E08CB322D118843003E1283 /* Extension */,
				2E08CB312D11883C003E1283 /* ViewModel */,
				2E08CB302D118835003E1283 /* View */,
				2EE00F882D1094D8002DAAF0 /* SnapItApp.swift */,
				2EE00F8C2D1094D9002DAAF0 /* Assets.xcassets */,
				2EE00F932D1094D9002DAAF0 /* SnapIt.xcdatamodeld */,
				2EE00F8E2D1094D9002DAAF0 /* Preview Content */,
			);
			path = SnapIt;
			sourceTree = "<group>";
		};
		2EE00F8E2D1094D9002DAAF0 /* Preview Content */ = {
			isa = PBXGroup;
			children = (
				2EE00F8F2D1094D9002DAAF0 /* Preview Assets.xcassets */,
			);
			path = "Preview Content";
			sourceTree = "<group>";
		};
		2EE00F9D2D1094D9002DAAF0 /* SnapItTests */ = {
			isa = PBXGroup;
			children = (
				2EE00F9E2D1094D9002DAAF0 /* SnapItTests.swift */,
			);
			path = SnapItTests;
			sourceTree = "<group>";
		};
		2EE00FA72D1094D9002DAAF0 /* SnapItUITests */ = {
			isa = PBXGroup;
			children = (
				2EE00FA82D1094D9002DAAF0 /* SnapItUITests.swift */,
				2EE00FAA2D1094D9002DAAF0 /* SnapItUITestsLaunchTests.swift */,
			);
			path = SnapItUITests;
			sourceTree = "<group>";
		};
/* End PBXGroup section */

/* Begin PBXNativeTarget section */
		2EE00F842D1094D8002DAAF0 /* SnapIt */ = {
			isa = PBXNativeTarget;
			buildConfigurationList = 2EE00FAE2D1094D9002DAAF0 /* Build configuration list for PBXNativeTarget "SnapIt" */;
			buildPhases = (
				2EE00F812D1094D8002DAAF0 /* Sources */,
				2EE00F822D1094D8002DAAF0 /* Frameworks */,
				2EE00F832D1094D8002DAAF0 /* Resources */,
			);
			buildRules = (
			);
			dependencies = (
			);
			name = SnapIt;
			productName = SnapIt;
			productReference = 2EE00F852D1094D8002DAAF0 /* SnapIt.app */;
			productType = "com.apple.product-type.application";
		};
		2EE00F992D1094D9002DAAF0 /* SnapItTests */ = {
			isa = PBXNativeTarget;
			buildConfigurationList = 2EE00FB12D1094D9002DAAF0 /* Build configuration list for PBXNativeTarget "SnapItTests" */;
			buildPhases = (
				2EE00F962D1094D9002DAAF0 /* Sources */,
				2EE00F972D1094D9002DAAF0 /* Frameworks */,
				2EE00F982D1094D9002DAAF0 /* Resources */,
			);
			buildRules = (
			);
			dependencies = (
				2EE00F9C2D1094D9002DAAF0 /* PBXTargetDependency */,
			);
			name = SnapItTests;
			productName = SnapItTests;
			productReference = 2EE00F9A2D1094D9002DAAF0 /* SnapItTests.xctest */;
			productType = "com.apple.product-type.bundle.unit-test";
		};
		2EE00FA32D1094D9002DAAF0 /* SnapItUITests */ = {
			isa = PBXNativeTarget;
			buildConfigurationList = 2EE00FB42D1094D9002DAAF0 /* Build configuration list for PBXNativeTarget "SnapItUITests" */;
			buildPhases = (
				2EE00FA02D1094D9002DAAF0 /* Sources */,
				2EE00FA12D1094D9002DAAF0 /* Frameworks */,
				2EE00FA22D1094D9002DAAF0 /* Resources */,
			);
			buildRules = (
			);
			dependencies = (
				2EE00FA62D1094D9002DAAF0 /* PBXTargetDependency */,
			);
			name = SnapItUITests;
			productName = SnapItUITests;
			productReference = 2EE00FA42D1094D9002DAAF0 /* SnapItUITests.xctest */;
			productType = "com.apple.product-type.bundle.ui-testing";
		};
/* End PBXNativeTarget section */

/* Begin PBXProject section */
		2EE00F7D2D1094D8002DAAF0 /* Project object */ = {
			isa = PBXProject;
			attributes = {
				BuildIndependentTargetsInParallel = 1;
				LastSwiftUpdateCheck = 1530;
				LastUpgradeCheck = 1530;
				TargetAttributes = {
					2EE00F842D1094D8002DAAF0 = {
						CreatedOnToolsVersion = 15.3;
					};
					2EE00F992D1094D9002DAAF0 = {
						CreatedOnToolsVersion = 15.3;
						TestTargetID = 2EE00F842D1094D8002DAAF0;
					};
					2EE00FA32D1094D9002DAAF0 = {
						CreatedOnToolsVersion = 15.3;
						TestTargetID = 2EE00F842D1094D8002DAAF0;
					};
				};
			};
			buildConfigurationList = 2EE00F802D1094D8002DAAF0 /* Build configuration list for PBXProject "SnapIt" */;
			compatibilityVersion = "Xcode 14.0";
			developmentRegion = en;
			hasScannedForEncodings = 0;
			knownRegions = (
				en,
				Base,
			);
			mainGroup = 2EE00F7C2D1094D8002DAAF0;
			productRefGroup = 2EE00F862D1094D8002DAAF0 /* Products */;
			projectDirPath = "";
			projectRoot = "";
			targets = (
				2EE00F842D1094D8002DAAF0 /* SnapIt */,
				2EE00F992D1094D9002DAAF0 /* SnapItTests */,
				2EE00FA32D1094D9002DAAF0 /* SnapItUITests */,
			);
		};
/* End PBXProject section */

/* Begin PBXResourcesBuildPhase section */
		2EE00F832D1094D8002DAAF0 /* Resources */ = {
			isa = PBXResourcesBuildPhase;
			buildActionMask = 2147483647;
			files = (
				2EE00F902D1094D9002DAAF0 /* Preview Assets.xcassets in Resources */,
				2EE00F8D2D1094D9002DAAF0 /* Assets.xcassets in Resources */,
			);
			runOnlyForDeploymentPostprocessing = 0;
		};
		2EE00F982D1094D9002DAAF0 /* Resources */ = {
			isa = PBXResourcesBuildPhase;
			buildActionMask = 2147483647;
			files = (
			);
			runOnlyForDeploymentPostprocessing = 0;
		};
		2EE00FA22D1094D9002DAAF0 /* Resources */ = {
			isa = PBXResourcesBuildPhase;
			buildActionMask = 2147483647;
			files = (
			);
			runOnlyForDeploymentPostprocessing = 0;
		};
/* End PBXResourcesBuildPhase section */

/* Begin PBXSourcesBuildPhase section */
		2EE00F812D1094D8002DAAF0 /* Sources */ = {
			isa = PBXSourcesBuildPhase;
			buildActionMask = 2147483647;
			files = (
				2EBC57152D1A8D7500C0E3C7 /* FullScreenImageView.swift in Sources */,
				2E08CB3F2D11897C003E1283 /* ContentViewModel.swift in Sources */,
				2E08CB432D1189C9003E1283 /* CameraError.swift in Sources */,
				2E08CB392D118923003E1283 /* ErrorView.swift in Sources */,
				2E08CB412D1189AA003E1283 /* CGImageExtension.swift in Sources */,
				2EE00F952D1094D9002DAAF0 /* SnapIt.xcdatamodeld in Sources */,
				2EE00F892D1094D8002DAAF0 /* SnapItApp.swift in Sources */,
				2E08CB352D1188DE003E1283 /* ContentView.swift in Sources */,
				2E08CB452D1189E3003E1283 /* CameraManager.swift in Sources */,
			);
			runOnlyForDeploymentPostprocessing = 0;
		};
		2EE00F962D1094D9002DAAF0 /* Sources */ = {
			isa = PBXSourcesBuildPhase;
			buildActionMask = 2147483647;
			files = (
				2EE00F9F2D1094D9002DAAF0 /* SnapItTests.swift in Sources */,
			);
			runOnlyForDeploymentPostprocessing = 0;
		};
		2EE00FA02D1094D9002DAAF0 /* Sources */ = {
			isa = PBXSourcesBuildPhase;
			buildActionMask = 2147483647;
			files = (
				2EE00FA92D1094D9002DAAF0 /* SnapItUITests.swift in Sources */,
				2EE00FAB2D1094D9002DAAF0 /* SnapItUITestsLaunchTests.swift in Sources */,
			);
			runOnlyForDeploymentPostprocessing = 0;
		};
/* End PBXSourcesBuildPhase section */

/* Begin PBXTargetDependency section */
		2EE00F9C2D1094D9002DAAF0 /* PBXTargetDependency */ = {
			isa = PBXTargetDependency;
			target = 2EE00F842D1094D8002DAAF0 /* SnapIt */;
			targetProxy = 2EE00F9B2D1094D9002DAAF0 /* PBXContainerItemProxy */;
		};
		2EE00FA62D1094D9002DAAF0 /* PBXTargetDependency */ = {
			isa = PBXTargetDependency;
			target = 2EE00F842D1094D8002DAAF0 /* SnapIt */;
			targetProxy = 2EE00FA52D1094D9002DAAF0 /* PBXContainerItemProxy */;
		};
/* End PBXTargetDependency section */

/* Begin XCBuildConfiguration section */
		2EE00FAC2D1094D9002DAAF0 /* Debug */ = {
			isa = XCBuildConfiguration;
			buildSettings = {
				ALWAYS_SEARCH_USER_PATHS = NO;
				ASSETCATALOG_COMPILER_GENERATE_SWIFT_ASSET_SYMBOL_EXTENSIONS = YES;
				CLANG_ANALYZER_NONNULL = YES;
				CLANG_ANALYZER_NUMBER_OBJECT_CONVERSION = YES_AGGRESSIVE;
				CLANG_CXX_LANGUAGE_STANDARD = "gnu++20";
				CLANG_ENABLE_MODULES = YES;
				CLANG_ENABLE_OBJC_ARC = YES;
				CLANG_ENABLE_OBJC_WEAK = YES;
				CLANG_WARN_BLOCK_CAPTURE_AUTORELEASING = YES;
				CLANG_WARN_BOOL_CONVERSION = YES;
				CLANG_WARN_COMMA = YES;
				CLANG_WARN_CONSTANT_CONVERSION = YES;
				CLANG_WARN_DEPRECATED_OBJC_IMPLEMENTATIONS = YES;
				CLANG_WARN_DIRECT_OBJC_ISA_USAGE = YES_ERROR;
				CLANG_WARN_DOCUMENTATION_COMMENTS = YES;
				CLANG_WARN_EMPTY_BODY = YES;
				CLANG_WARN_ENUM_CONVERSION = YES;
				CLANG_WARN_INFINITE_RECURSION = YES;
				CLANG_WARN_INT_CONVERSION = YES;
				CLANG_WARN_NON_LITERAL_NULL_CONVERSION = YES;
				CLANG_WARN_OBJC_IMPLICIT_RETAIN_SELF = YES;
				CLANG_WARN_OBJC_LITERAL_CONVERSION = YES;
				CLANG_WARN_OBJC_ROOT_CLASS = YES_ERROR;
				CLANG_WARN_QUOTED_INCLUDE_IN_FRAMEWORK_HEADER = YES;
				CLANG_WARN_RANGE_LOOP_ANALYSIS = YES;
				CLANG_WARN_STRICT_PROTOTYPES = YES;
				CLANG_WARN_SUSPICIOUS_MOVE = YES;
				CLANG_WARN_UNGUARDED_AVAILABILITY = YES_AGGRESSIVE;
				CLANG_WARN_UNREACHABLE_CODE = YES;
				CLANG_WARN__DUPLICATE_METHOD_MATCH = YES;
				COPY_PHASE_STRIP = NO;
				DEBUG_INFORMATION_FORMAT = dwarf;
				ENABLE_STRICT_OBJC_MSGSEND = YES;
				ENABLE_TESTABILITY = YES;
				ENABLE_USER_SCRIPT_SANDBOXING = YES;
				GCC_C_LANGUAGE_STANDARD = gnu17;
				GCC_DYNAMIC_NO_PIC = NO;
				GCC_NO_COMMON_BLOCKS = YES;
				GCC_OPTIMIZATION_LEVEL = 0;
				GCC_PREPROCESSOR_DEFINITIONS = (
					"DEBUG=1",
					"$(inherited)",
				);
				GCC_WARN_64_TO_32_BIT_CONVERSION = YES;
				GCC_WARN_ABOUT_RETURN_TYPE = YES_ERROR;
				GCC_WARN_UNDECLARED_SELECTOR = YES;
				GCC_WARN_UNINITIALIZED_AUTOS = YES_AGGRESSIVE;
				GCC_WARN_UNUSED_FUNCTION = YES;
				GCC_WARN_UNUSED_VARIABLE = YES;
				IPHONEOS_DEPLOYMENT_TARGET = 17.4;
				LOCALIZATION_PREFERS_STRING_CATALOGS = YES;
				MTL_ENABLE_DEBUG_INFO = INCLUDE_SOURCE;
				MTL_FAST_MATH = YES;
				ONLY_ACTIVE_ARCH = YES;
				SDKROOT = iphoneos;
				SWIFT_ACTIVE_COMPILATION_CONDITIONS = "DEBUG $(inherited)";
				SWIFT_OPTIMIZATION_LEVEL = "-Onone";
			};
			name = Debug;
		};
		2EE00FAD2D1094D9002DAAF0 /* Release */ = {
			isa = XCBuildConfiguration;
			buildSettings = {
				ALWAYS_SEARCH_USER_PATHS = NO;
				ASSETCATALOG_COMPILER_GENERATE_SWIFT_ASSET_SYMBOL_EXTENSIONS = YES;
				CLANG_ANALYZER_NONNULL = YES;
				CLANG_ANALYZER_NUMBER_OBJECT_CONVERSION = YES_AGGRESSIVE;
				CLANG_CXX_LANGUAGE_STANDARD = "gnu++20";
				CLANG_ENABLE_MODULES = YES;
				CLANG_ENABLE_OBJC_ARC = YES;
				CLANG_ENABLE_OBJC_WEAK = YES;
				CLANG_WARN_BLOCK_CAPTURE_AUTORELEASING = YES;
				CLANG_WARN_BOOL_CONVERSION = YES;
				CLANG_WARN_COMMA = YES;
				CLANG_WARN_CONSTANT_CONVERSION = YES;
				CLANG_WARN_DEPRECATED_OBJC_IMPLEMENTATIONS = YES;
				CLANG_WARN_DIRECT_OBJC_ISA_USAGE = YES_ERROR;
				CLANG_WARN_DOCUMENTATION_COMMENTS = YES;
				CLANG_WARN_EMPTY_BODY = YES;
				CLANG_WARN_ENUM_CONVERSION = YES;
				CLANG_WARN_INFINITE_RECURSION = YES;
				CLANG_WARN_INT_CONVERSION = YES;
				CLANG_WARN_NON_LITERAL_NULL_CONVERSION = YES;
				CLANG_WARN_OBJC_IMPLICIT_RETAIN_SELF = YES;
				CLANG_WARN_OBJC_LITERAL_CONVERSION = YES;
				CLANG_WARN_OBJC_ROOT_CLASS = YES_ERROR;
				CLANG_WARN_QUOTED_INCLUDE_IN_FRAMEWORK_HEADER = YES;
				CLANG_WARN_RANGE_LOOP_ANALYSIS = YES;
				CLANG_WARN_STRICT_PROTOTYPES = YES;
				CLANG_WARN_SUSPICIOUS_MOVE = YES;
				CLANG_WARN_UNGUARDED_AVAILABILITY = YES_AGGRESSIVE;
				CLANG_WARN_UNREACHABLE_CODE = YES;
				CLANG_WARN__DUPLICATE_METHOD_MATCH = YES;
				COPY_PHASE_STRIP = NO;
				DEBUG_INFORMATION_FORMAT = "dwarf-with-dsym";
				ENABLE_NS_ASSERTIONS = NO;
				ENABLE_STRICT_OBJC_MSGSEND = YES;
				ENABLE_USER_SCRIPT_SANDBOXING = YES;
				GCC_C_LANGUAGE_STANDARD = gnu17;
				GCC_NO_COMMON_BLOCKS = YES;
				GCC_WARN_64_TO_32_BIT_CONVERSION = YES;
				GCC_WARN_ABOUT_RETURN_TYPE = YES_ERROR;
				GCC_WARN_UNDECLARED_SELECTOR = YES;
				GCC_WARN_UNINITIALIZED_AUTOS = YES_AGGRESSIVE;
				GCC_WARN_UNUSED_FUNCTION = YES;
				GCC_WARN_UNUSED_VARIABLE = YES;
				IPHONEOS_DEPLOYMENT_TARGET = 17.4;
				LOCALIZATION_PREFERS_STRING_CATALOGS = YES;
				MTL_ENABLE_DEBUG_INFO = NO;
				MTL_FAST_MATH = YES;
				SDKROOT = iphoneos;
				SWIFT_COMPILATION_MODE = wholemodule;
				VALIDATE_PRODUCT = YES;
			};
			name = Release;
		};
		2EE00FAF2D1094D9002DAAF0 /* Debug */ = {
			isa = XCBuildConfiguration;
			buildSettings = {
				ASSETCATALOG_COMPILER_APPICON_NAME = AppIcon;
				ASSETCATALOG_COMPILER_GLOBAL_ACCENT_COLOR_NAME = AccentColor;
				CODE_SIGN_STYLE = Automatic;
				CURRENT_PROJECT_VERSION = 1;
				DEVELOPMENT_ASSET_PATHS = "\"SnapIt/Preview Content\"";
				DEVELOPMENT_TEAM = JK53HRGLYN;
				ENABLE_PREVIEWS = YES;
				GENERATE_INFOPLIST_FILE = YES;
				INFOPLIST_KEY_NSCameraUsageDescription = "Camera Required";
				INFOPLIST_KEY_UIApplicationSceneManifest_Generation = YES;
				INFOPLIST_KEY_UIApplicationSupportsIndirectInputEvents = YES;
				INFOPLIST_KEY_UILaunchScreen_Generation = YES;
				INFOPLIST_KEY_UISupportedInterfaceOrientations_iPad = "UIInterfaceOrientationPortrait UIInterfaceOrientationPortraitUpsideDown UIInterfaceOrientationLandscapeLeft UIInterfaceOrientationLandscapeRight";
				INFOPLIST_KEY_UISupportedInterfaceOrientations_iPhone = "UIInterfaceOrientationPortrait UIInterfaceOrientationLandscapeLeft UIInterfaceOrientationLandscapeRight";
				LD_RUNPATH_SEARCH_PATHS = (
					"$(inherited)",
					"@executable_path/Frameworks",
				);
				MARKETING_VERSION = 1.0;
				PRODUCT_BUNDLE_IDENTIFIER = com.vishal.SnapIt;
				PRODUCT_NAME = "$(TARGET_NAME)";
				SWIFT_EMIT_LOC_STRINGS = YES;
				SWIFT_VERSION = 5.0;
				TARGETED_DEVICE_FAMILY = "1,2";
			};
			name = Debug;
		};
		2EE00FB02D1094D9002DAAF0 /* Release */ = {
			isa = XCBuildConfiguration;
			buildSettings = {
				ASSETCATALOG_COMPILER_APPICON_NAME = AppIcon;
				ASSETCATALOG_COMPILER_GLOBAL_ACCENT_COLOR_NAME = AccentColor;
				CODE_SIGN_STYLE = Automatic;
				CURRENT_PROJECT_VERSION = 1;
				DEVELOPMENT_ASSET_PATHS = "\"SnapIt/Preview Content\"";
				DEVELOPMENT_TEAM = JK53HRGLYN;
				ENABLE_PREVIEWS = YES;
				GENERATE_INFOPLIST_FILE = YES;
				INFOPLIST_KEY_NSCameraUsageDescription = "Camera Required";
				INFOPLIST_KEY_UIApplicationSceneManifest_Generation = YES;
				INFOPLIST_KEY_UIApplicationSupportsIndirectInputEvents = YES;
				INFOPLIST_KEY_UILaunchScreen_Generation = YES;
				INFOPLIST_KEY_UISupportedInterfaceOrientations_iPad = "UIInterfaceOrientationPortrait UIInterfaceOrientationPortraitUpsideDown UIInterfaceOrientationLandscapeLeft UIInterfaceOrientationLandscapeRight";
				INFOPLIST_KEY_UISupportedInterfaceOrientations_iPhone = "UIInterfaceOrientationPortrait UIInterfaceOrientationLandscapeLeft UIInterfaceOrientationLandscapeRight";
				LD_RUNPATH_SEARCH_PATHS = (
					"$(inherited)",
					"@executable_path/Frameworks",
				);
				MARKETING_VERSION = 1.0;
				PRODUCT_BUNDLE_IDENTIFIER = com.vishal.SnapIt;
				PRODUCT_NAME = "$(TARGET_NAME)";
				SWIFT_EMIT_LOC_STRINGS = YES;
				SWIFT_VERSION = 5.0;
				TARGETED_DEVICE_FAMILY = "1,2";
			};
			name = Release;
		};
		2EE00FB22D1094D9002DAAF0 /* Debug */ = {
			isa = XCBuildConfiguration;
			buildSettings = {
				ALWAYS_EMBED_SWIFT_STANDARD_LIBRARIES = YES;
				BUNDLE_LOADER = "$(TEST_HOST)";
				CODE_SIGN_STYLE = Automatic;
				CURRENT_PROJECT_VERSION = 1;
				DEVELOPMENT_TEAM = JK53HRGLYN;
				GENERATE_INFOPLIST_FILE = YES;
				IPHONEOS_DEPLOYMENT_TARGET = 17.4;
				MARKETING_VERSION = 1.0;
				PRODUCT_BUNDLE_IDENTIFIER = com.vishal.SnapItTests;
				PRODUCT_NAME = "$(TARGET_NAME)";
				SWIFT_EMIT_LOC_STRINGS = NO;
				SWIFT_VERSION = 5.0;
				TARGETED_DEVICE_FAMILY = "1,2";
				TEST_HOST = "$(BUILT_PRODUCTS_DIR)/SnapIt.app/$(BUNDLE_EXECUTABLE_FOLDER_PATH)/SnapIt";
			};
			name = Debug;
		};
		2EE00FB32D1094D9002DAAF0 /* Release */ = {
			isa = XCBuildConfiguration;
			buildSettings = {
				ALWAYS_EMBED_SWIFT_STANDARD_LIBRARIES = YES;
				BUNDLE_LOADER = "$(TEST_HOST)";
				CODE_SIGN_STYLE = Automatic;
				CURRENT_PROJECT_VERSION = 1;
				DEVELOPMENT_TEAM = JK53HRGLYN;
				GENERATE_INFOPLIST_FILE = YES;
				IPHONEOS_DEPLOYMENT_TARGET = 17.4;
				MARKETING_VERSION = 1.0;
				PRODUCT_BUNDLE_IDENTIFIER = com.vishal.SnapItTests;
				PRODUCT_NAME = "$(TARGET_NAME)";
				SWIFT_EMIT_LOC_STRINGS = NO;
				SWIFT_VERSION = 5.0;
				TARGETED_DEVICE_FAMILY = "1,2";
				TEST_HOST = "$(BUILT_PRODUCTS_DIR)/SnapIt.app/$(BUNDLE_EXECUTABLE_FOLDER_PATH)/SnapIt";
			};
			name = Release;
		};
		2EE00FB52D1094D9002DAAF0 /* Debug */ = {
			isa = XCBuildConfiguration;
			buildSettings = {
				ALWAYS_EMBED_SWIFT_STANDARD_LIBRARIES = YES;
				CODE_SIGN_STYLE = Automatic;
				CURRENT_PROJECT_VERSION = 1;
				DEVELOPMENT_TEAM = JK53HRGLYN;
				GENERATE_INFOPLIST_FILE = YES;
				MARKETING_VERSION = 1.0;
				PRODUCT_BUNDLE_IDENTIFIER = com.vishal.SnapItUITests;
				PRODUCT_NAME = "$(TARGET_NAME)";
				SWIFT_EMIT_LOC_STRINGS = NO;
				SWIFT_VERSION = 5.0;
				TARGETED_DEVICE_FAMILY = "1,2";
				TEST_TARGET_NAME = SnapIt;
			};
			name = Debug;
		};
		2EE00FB62D1094D9002DAAF0 /* Release */ = {
			isa = XCBuildConfiguration;
			buildSettings = {
				ALWAYS_EMBED_SWIFT_STANDARD_LIBRARIES = YES;
				CODE_SIGN_STYLE = Automatic;
				CURRENT_PROJECT_VERSION = 1;
				DEVELOPMENT_TEAM = JK53HRGLYN;
				GENERATE_INFOPLIST_FILE = YES;
				MARKETING_VERSION = 1.0;
				PRODUCT_BUNDLE_IDENTIFIER = com.vishal.SnapItUITests;
				PRODUCT_NAME = "$(TARGET_NAME)";
				SWIFT_EMIT_LOC_STRINGS = NO;
				SWIFT_VERSION = 5.0;
				TARGETED_DEVICE_FAMILY = "1,2";
				TEST_TARGET_NAME = SnapIt;
			};
			name = Release;
		};
/* End XCBuildConfiguration section */

/* Begin XCConfigurationList section */
		2EE00F802D1094D8002DAAF0 /* Build configuration list for PBXProject "SnapIt" */ = {
			isa = XCConfigurationList;
			buildConfigurations = (
				2EE00FAC2D1094D9002DAAF0 /* Debug */,
				2EE00FAD2D1094D9002DAAF0 /* Release */,
			);
			defaultConfigurationIsVisible = 0;
			defaultConfigurationName = Release;
		};
		2EE00FAE2D1094D9002DAAF0 /* Build configuration list for PBXNativeTarget "SnapIt" */ = {
			isa = XCConfigurationList;
			buildConfigurations = (
				2EE00FAF2D1094D9002DAAF0 /* Debug */,
				2EE00FB02D1094D9002DAAF0 /* Release */,
			);
			defaultConfigurationIsVisible = 0;
			defaultConfigurationName = Release;
		};
		2EE00FB12D1094D9002DAAF0 /* Build configuration list for PBXNativeTarget "SnapItTests" */ = {
			isa = XCConfigurationList;
			buildConfigurations = (
				2EE00FB22D1094D9002DAAF0 /* Debug */,
				2EE00FB32D1094D9002DAAF0 /* Release */,
			);
			defaultConfigurationIsVisible = 0;
			defaultConfigurationName = Release;
		};
		2EE00FB42D1094D9002DAAF0 /* Build configuration list for PBXNativeTarget "SnapItUITests" */ = {
			isa = XCConfigurationList;
			buildConfigurations = (
				2EE00FB52D1094D9002DAAF0 /* Debug */,
				2EE00FB62D1094D9002DAAF0 /* Release */,
			);
			defaultConfigurationIsVisible = 0;
			defaultConfigurationName = Release;
		};
/* End XCConfigurationList section */

/* Begin XCVersionGroup section */
		2EE00F932D1094D9002DAAF0 /* SnapIt.xcdatamodeld */ = {
			isa = XCVersionGroup;
			children = (
				2EE00F942D1094D9002DAAF0 /* SnapIt.xcdatamodel */,
			);
			currentVersion = 2EE00F942D1094D9002DAAF0 /* SnapIt.xcdatamodel */;
			path = SnapIt.xcdatamodeld;
			sourceTree = "<group>";
			versionGroupType = wrapper.xcdatamodel;
		};
/* End XCVersionGroup section */
	};
	rootObject = 2EE00F7D2D1094D8002DAAF0 /* Project object */;
}
